// !$*UTF8*$!
{
	archiveVersion = 1;
	classes = {
	};
	objectVersion = 48;
	objects = {

/* Begin PBXBuildFile section */
		36C46C311F99E96600B858C1 /* MealListTableViewCell.swift in Sources */ = {isa = PBXBuildFile; fileRef = 36C46C301F99E96600B858C1 /* MealListTableViewCell.swift */; };
		36C46C331F99EF0500B858C1 /* MealListTableViewController.swift in Sources */ = {isa = PBXBuildFile; fileRef = 36C46C321F99EF0500B858C1 /* MealListTableViewController.swift */; };
		57EB49D541E171B268BE4C8F /* Pods_SwiftBasicsTests.framework in Frameworks */ = {isa = PBXBuildFile; fileRef = 54850BF2232552A37B41CE69 /* Pods_SwiftBasicsTests.framework */; };
		9733BCC64BAC81D2ECA1D74D /* Pods_SwiftBasics.framework in Frameworks */ = {isa = PBXBuildFile; fileRef = AA2815356CDB54B193F702C0 /* Pods_SwiftBasics.framework */; };
		BB50AF641F960FC000F7D036 /* CustomStarView.swift in Sources */ = {isa = PBXBuildFile; fileRef = BB50AF631F960FC000F7D036 /* CustomStarView.swift */; };
		BB50AF661F973A1C00F7D036 /* Meals.swift in Sources */ = {isa = PBXBuildFile; fileRef = BB50AF651F973A1C00F7D036 /* Meals.swift */; };
		BB50AF701F97419700F7D036 /* SwiftBasicsTests.swift in Sources */ = {isa = PBXBuildFile; fileRef = BB50AF6F1F97419700F7D036 /* SwiftBasicsTests.swift */; };
		BB57B8121FC59B470032300A /* MovieDetails.swift in Sources */ = {isa = PBXBuildFile; fileRef = BB57B8111FC59B470032300A /* MovieDetails.swift */; };
		BB9989F91F8F57B0009DD62E /* AppDelegate.swift in Sources */ = {isa = PBXBuildFile; fileRef = BB9989F81F8F57B0009DD62E /* AppDelegate.swift */; };
		BB9989FB1F8F57B0009DD62E /* MealViewController.swift in Sources */ = {isa = PBXBuildFile; fileRef = BB9989FA1F8F57B0009DD62E /* MealViewController.swift */; };
		BB9989FE1F8F57B0009DD62E /* Main.storyboard in Resources */ = {isa = PBXBuildFile; fileRef = BB9989FC1F8F57B0009DD62E /* Main.storyboard */; };
		BB998A001F8F57B0009DD62E /* Assets.xcassets in Resources */ = {isa = PBXBuildFile; fileRef = BB9989FF1F8F57B0009DD62E /* Assets.xcassets */; };
		BB998A031F8F57B0009DD62E /* LaunchScreen.storyboard in Resources */ = {isa = PBXBuildFile; fileRef = BB998A011F8F57B0009DD62E /* LaunchScreen.storyboard */; };
/* End PBXBuildFile section */

/* Begin PBXContainerItemProxy section */
		BB50AF721F97419800F7D036 /* PBXContainerItemProxy */ = {
			isa = PBXContainerItemProxy;
			containerPortal = BB9989ED1F8F57B0009DD62E /* Project object */;
			proxyType = 1;
			remoteGlobalIDString = BB9989F41F8F57B0009DD62E;
			remoteInfo = SwiftBasics;
		};
/* End PBXContainerItemProxy section */

/* Begin PBXFileReference section */
		057C5B5CB273FBF43E74B5D1 /* Pods-SwiftBasicsTests.release.xcconfig */ = {isa = PBXFileReference; includeInIndex = 1; lastKnownFileType = text.xcconfig; name = "Pods-SwiftBasicsTests.release.xcconfig"; path = "Pods/Target Support Files/Pods-SwiftBasicsTests/Pods-SwiftBasicsTests.release.xcconfig"; sourceTree = "<group>"; };
		36C46C301F99E96600B858C1 /* MealListTableViewCell.swift */ = {isa = PBXFileReference; lastKnownFileType = sourcecode.swift; path = MealListTableViewCell.swift; sourceTree = "<group>"; };
		36C46C321F99EF0500B858C1 /* MealListTableViewController.swift */ = {isa = PBXFileReference; lastKnownFileType = sourcecode.swift; path = MealListTableViewController.swift; sourceTree = "<group>"; };
		541C8ACB65A1F6FFFC66E26F /* Pods-SwiftBasics.debug.xcconfig */ = {isa = PBXFileReference; includeInIndex = 1; lastKnownFileType = text.xcconfig; name = "Pods-SwiftBasics.debug.xcconfig"; path = "Pods/Target Support Files/Pods-SwiftBasics/Pods-SwiftBasics.debug.xcconfig"; sourceTree = "<group>"; };
		54850BF2232552A37B41CE69 /* Pods_SwiftBasicsTests.framework */ = {isa = PBXFileReference; explicitFileType = wrapper.framework; includeInIndex = 0; path = Pods_SwiftBasicsTests.framework; sourceTree = BUILT_PRODUCTS_DIR; };
		84520459C96EE75591D855FF /* Pods-SwiftBasics.release.xcconfig */ = {isa = PBXFileReference; includeInIndex = 1; lastKnownFileType = text.xcconfig; name = "Pods-SwiftBasics.release.xcconfig"; path = "Pods/Target Support Files/Pods-SwiftBasics/Pods-SwiftBasics.release.xcconfig"; sourceTree = "<group>"; };
		AA2815356CDB54B193F702C0 /* Pods_SwiftBasics.framework */ = {isa = PBXFileReference; explicitFileType = wrapper.framework; includeInIndex = 0; path = Pods_SwiftBasics.framework; sourceTree = BUILT_PRODUCTS_DIR; };
		B775C6AEC042B7C4274E317B /* Pods-SwiftBasicsTests.debug.xcconfig */ = {isa = PBXFileReference; includeInIndex = 1; lastKnownFileType = text.xcconfig; name = "Pods-SwiftBasicsTests.debug.xcconfig"; path = "Pods/Target Support Files/Pods-SwiftBasicsTests/Pods-SwiftBasicsTests.debug.xcconfig"; sourceTree = "<group>"; };
		BB50AF631F960FC000F7D036 /* CustomStarView.swift */ = {isa = PBXFileReference; lastKnownFileType = sourcecode.swift; path = CustomStarView.swift; sourceTree = "<group>"; };
		BB50AF651F973A1C00F7D036 /* Meals.swift */ = {isa = PBXFileReference; lastKnownFileType = sourcecode.swift; path = Meals.swift; sourceTree = "<group>"; };
		BB50AF6D1F97419700F7D036 /* SwiftBasicsTests.xctest */ = {isa = PBXFileReference; explicitFileType = wrapper.cfbundle; includeInIndex = 0; path = SwiftBasicsTests.xctest; sourceTree = BUILT_PRODUCTS_DIR; };
		BB50AF6F1F97419700F7D036 /* SwiftBasicsTests.swift */ = {isa = PBXFileReference; lastKnownFileType = sourcecode.swift; path = SwiftBasicsTests.swift; sourceTree = "<group>"; };
		BB50AF711F97419800F7D036 /* Info.plist */ = {isa = PBXFileReference; lastKnownFileType = text.plist.xml; path = Info.plist; sourceTree = "<group>"; };
		BB57B8111FC59B470032300A /* MovieDetails.swift */ = {isa = PBXFileReference; lastKnownFileType = sourcecode.swift; path = MovieDetails.swift; sourceTree = "<group>"; };
		BB9989F51F8F57B0009DD62E /* SwiftBasics.app */ = {isa = PBXFileReference; explicitFileType = wrapper.application; includeInIndex = 0; path = SwiftBasics.app; sourceTree = BUILT_PRODUCTS_DIR; };
		BB9989F81F8F57B0009DD62E /* AppDelegate.swift */ = {isa = PBXFileReference; lastKnownFileType = sourcecode.swift; path = AppDelegate.swift; sourceTree = "<group>"; };
		BB9989FA1F8F57B0009DD62E /* MealViewController.swift */ = {isa = PBXFileReference; lastKnownFileType = sourcecode.swift; path = MealViewController.swift; sourceTree = "<group>"; };
		BB9989FD1F8F57B0009DD62E /* Base */ = {isa = PBXFileReference; lastKnownFileType = file.storyboard; name = Base; path = Base.lproj/Main.storyboard; sourceTree = "<group>"; };
		BB9989FF1F8F57B0009DD62E /* Assets.xcassets */ = {isa = PBXFileReference; lastKnownFileType = folder.assetcatalog; path = Assets.xcassets; sourceTree = "<group>"; };
		BB998A021F8F57B0009DD62E /* Base */ = {isa = PBXFileReference; lastKnownFileType = file.storyboard; name = Base; path = Base.lproj/LaunchScreen.storyboard; sourceTree = "<group>"; };
		BB998A041F8F57B0009DD62E /* Info.plist */ = {isa = PBXFileReference; lastKnownFileType = text.plist.xml; path = Info.plist; sourceTree = "<group>"; };
/* End PBXFileReference section */

/* Begin PBXFrameworksBuildPhase section */
		BB50AF6A1F97419700F7D036 /* Frameworks */ = {
			isa = PBXFrameworksBuildPhase;
			buildActionMask = 2147483647;
			files = (
				57EB49D541E171B268BE4C8F /* Pods_SwiftBasicsTests.framework in Frameworks */,
			);
			runOnlyForDeploymentPostprocessing = 0;
		};
		BB9989F21F8F57B0009DD62E /* Frameworks */ = {
			isa = PBXFrameworksBuildPhase;
			buildActionMask = 2147483647;
			files = (
				9733BCC64BAC81D2ECA1D74D /* Pods_SwiftBasics.framework in Frameworks */,
			);
			runOnlyForDeploymentPostprocessing = 0;
		};
/* End PBXFrameworksBuildPhase section */

/* Begin PBXGroup section */
		48512CA7774214C974333D15 /* Frameworks */ = {
			isa = PBXGroup;
			children = (
				AA2815356CDB54B193F702C0 /* Pods_SwiftBasics.framework */,
				54850BF2232552A37B41CE69 /* Pods_SwiftBasicsTests.framework */,
			);
			name = Frameworks;
			sourceTree = "<group>";
		};
		BB50AF6E1F97419700F7D036 /* SwiftBasicsTests */ = {
			isa = PBXGroup;
			children = (
				BB50AF6F1F97419700F7D036 /* SwiftBasicsTests.swift */,
				BB50AF711F97419800F7D036 /* Info.plist */,
			);
			path = SwiftBasicsTests;
			sourceTree = "<group>";
		};
		BB9989EC1F8F57B0009DD62E = {
			isa = PBXGroup;
			children = (
				BB9989F71F8F57B0009DD62E /* SwiftBasics */,
				BB50AF6E1F97419700F7D036 /* SwiftBasicsTests */,
				BB9989F61F8F57B0009DD62E /* Products */,
				DE5E2F1F51A801A970C9A855 /* Pods */,
				48512CA7774214C974333D15 /* Frameworks */,
			);
			sourceTree = "<group>";
		};
		BB9989F61F8F57B0009DD62E /* Products */ = {
			isa = PBXGroup;
			children = (
				BB9989F51F8F57B0009DD62E /* SwiftBasics.app */,
				BB50AF6D1F97419700F7D036 /* SwiftBasicsTests.xctest */,
			);
			name = Products;
			sourceTree = "<group>";
		};
		BB9989F71F8F57B0009DD62E /* SwiftBasics */ = {
			isa = PBXGroup;
			children = (
				BB9989F81F8F57B0009DD62E /* AppDelegate.swift */,
				BB9989FA1F8F57B0009DD62E /* MealViewController.swift */,
				BB50AF631F960FC000F7D036 /* CustomStarView.swift */,
				BB9989FC1F8F57B0009DD62E /* Main.storyboard */,
				36C46C301F99E96600B858C1 /* MealListTableViewCell.swift */,
				36C46C321F99EF0500B858C1 /* MealListTableViewController.swift */,
				BB50AF651F973A1C00F7D036 /* Meals.swift */,
				BB9989FF1F8F57B0009DD62E /* Assets.xcassets */,
				BB998A011F8F57B0009DD62E /* LaunchScreen.storyboard */,
				BB998A041F8F57B0009DD62E /* Info.plist */,
				BB57B8111FC59B470032300A /* MovieDetails.swift */,
			);
			path = SwiftBasics;
			sourceTree = "<group>";
		};
		DE5E2F1F51A801A970C9A855 /* Pods */ = {
			isa = PBXGroup;
			children = (
				541C8ACB65A1F6FFFC66E26F /* Pods-SwiftBasics.debug.xcconfig */,
				84520459C96EE75591D855FF /* Pods-SwiftBasics.release.xcconfig */,
				B775C6AEC042B7C4274E317B /* Pods-SwiftBasicsTests.debug.xcconfig */,
				057C5B5CB273FBF43E74B5D1 /* Pods-SwiftBasicsTests.release.xcconfig */,
			);
			name = Pods;
			sourceTree = "<group>";
		};
/* End PBXGroup section */

/* Begin PBXNativeTarget section */
		BB50AF6C1F97419700F7D036 /* SwiftBasicsTests */ = {
			isa = PBXNativeTarget;
			buildConfigurationList = BB50AF741F97419800F7D036 /* Build configuration list for PBXNativeTarget "SwiftBasicsTests" */;
			buildPhases = (
				EF4DE8665FCAB2441F163BEC /* [CP] Check Pods Manifest.lock */,
				BB50AF691F97419700F7D036 /* Sources */,
				BB50AF6A1F97419700F7D036 /* Frameworks */,
				BB50AF6B1F97419700F7D036 /* Resources */,
				9D0F3E8023F764815BDFDDD6 /* [CP] Embed Pods Frameworks */,
				26F125DC3FF6DC905BCF2147 /* [CP] Copy Pods Resources */,
			);
			buildRules = (
			);
			dependencies = (
				BB50AF731F97419800F7D036 /* PBXTargetDependency */,
			);
			name = SwiftBasicsTests;
			productName = SwiftBasicsTests;
			productReference = BB50AF6D1F97419700F7D036 /* SwiftBasicsTests.xctest */;
			productType = "com.apple.product-type.bundle.unit-test";
		};
		BB9989F41F8F57B0009DD62E /* SwiftBasics */ = {
			isa = PBXNativeTarget;
			buildConfigurationList = BB998A071F8F57B0009DD62E /* Build configuration list for PBXNativeTarget "SwiftBasics" */;
			buildPhases = (
				64C44732C7AE32DA9135094F /* [CP] Check Pods Manifest.lock */,
				BB9989F11F8F57B0009DD62E /* Sources */,
				BB9989F21F8F57B0009DD62E /* Frameworks */,
				BB9989F31F8F57B0009DD62E /* Resources */,
				EBFF35BA0C32A6D6E73CE3F4 /* [CP] Embed Pods Frameworks */,
				9B0332570B19F1D0A737BBCF /* [CP] Copy Pods Resources */,
			);
			buildRules = (
			);
			dependencies = (
			);
			name = SwiftBasics;
			productName = SwiftBasics;
			productReference = BB9989F51F8F57B0009DD62E /* SwiftBasics.app */;
			productType = "com.apple.product-type.application";
		};
/* End PBXNativeTarget section */

/* Begin PBXProject section */
		BB9989ED1F8F57B0009DD62E /* Project object */ = {
			isa = PBXProject;
			attributes = {
				LastSwiftUpdateCheck = 0900;
				LastUpgradeCheck = 0900;
				ORGANIZATIONNAME = vishalb;
				TargetAttributes = {
					BB50AF6C1F97419700F7D036 = {
						CreatedOnToolsVersion = 9.0;
						ProvisioningStyle = Automatic;
						TestTargetID = BB9989F41F8F57B0009DD62E;
					};
					BB9989F41F8F57B0009DD62E = {
						CreatedOnToolsVersion = 9.0;
						ProvisioningStyle = Automatic;
					};
				};
			};
			buildConfigurationList = BB9989F01F8F57B0009DD62E /* Build configuration list for PBXProject "SwiftBasics" */;
			compatibilityVersion = "Xcode 8.0";
			developmentRegion = en;
			hasScannedForEncodings = 0;
			knownRegions = (
				en,
				Base,
			);
			mainGroup = BB9989EC1F8F57B0009DD62E;
			productRefGroup = BB9989F61F8F57B0009DD62E /* Products */;
			projectDirPath = "";
			projectRoot = "";
			targets = (
				BB9989F41F8F57B0009DD62E /* SwiftBasics */,
				BB50AF6C1F97419700F7D036 /* SwiftBasicsTests */,
			);
		};
/* End PBXProject section */

/* Begin PBXResourcesBuildPhase section */
		BB50AF6B1F97419700F7D036 /* Resources */ = {
			isa = PBXResourcesBuildPhase;
			buildActionMask = 2147483647;
			files = (
			);
			runOnlyForDeploymentPostprocessing = 0;
		};
		BB9989F31F8F57B0009DD62E /* Resources */ = {
			isa = PBXResourcesBuildPhase;
			buildActionMask = 2147483647;
			files = (
				BB998A031F8F57B0009DD62E /* LaunchScreen.storyboard in Resources */,
				BB998A001F8F57B0009DD62E /* Assets.xcassets in Resources */,
				BB9989FE1F8F57B0009DD62E /* Main.storyboard in Resources */,
			);
			runOnlyForDeploymentPostprocessing = 0;
		};
/* End PBXResourcesBuildPhase section */

/* Begin PBXShellScriptBuildPhase section */
		26F125DC3FF6DC905BCF2147 /* [CP] Copy Pods Resources */ = {
			isa = PBXShellScriptBuildPhase;
			buildActionMask = 2147483647;
			files = (
			);
			inputPaths = (
			);
			name = "[CP] Copy Pods Resources";
			outputPaths = (
			);
			runOnlyForDeploymentPostprocessing = 0;
			shellPath = /bin/sh;
			shellScript = "\"${SRCROOT}/Pods/Target Support Files/Pods-SwiftBasicsTests/Pods-SwiftBasicsTests-resources.sh\"\n";
			showEnvVarsInLog = 0;
		};
		64C44732C7AE32DA9135094F /* [CP] Check Pods Manifest.lock */ = {
			isa = PBXShellScriptBuildPhase;
			buildActionMask = 2147483647;
			files = (
			);
			inputPaths = (
				"${PODS_PODFILE_DIR_PATH}/Podfile.lock",
				"${PODS_ROOT}/Manifest.lock",
			);
			name = "[CP] Check Pods Manifest.lock";
			outputPaths = (
				"$(DERIVED_FILE_DIR)/Pods-SwiftBasics-checkManifestLockResult.txt",
			);
			runOnlyForDeploymentPostprocessing = 0;
			shellPath = /bin/sh;
			shellScript = "diff \"${PODS_PODFILE_DIR_PATH}/Podfile.lock\" \"${PODS_ROOT}/Manifest.lock\" > /dev/null\nif [ $? != 0 ] ; then\n    # print error to STDERR\n    echo \"error: The sandbox is not in sync with the Podfile.lock. Run 'pod install' or update your CocoaPods installation.\" >&2\n    exit 1\nfi\n# This output is used by Xcode 'outputs' to avoid re-running this script phase.\necho \"SUCCESS\" > \"${SCRIPT_OUTPUT_FILE_0}\"\n";
			showEnvVarsInLog = 0;
		};
		9B0332570B19F1D0A737BBCF /* [CP] Copy Pods Resources */ = {
			isa = PBXShellScriptBuildPhase;
			buildActionMask = 2147483647;
			files = (
			);
			inputPaths = (
			);
			name = "[CP] Copy Pods Resources";
			outputPaths = (
			);
			runOnlyForDeploymentPostprocessing = 0;
			shellPath = /bin/sh;
			shellScript = "\"${SRCROOT}/Pods/Target Support Files/Pods-SwiftBasics/Pods-SwiftBasics-resources.sh\"\n";
			showEnvVarsInLog = 0;
		};
		9D0F3E8023F764815BDFDDD6 /* [CP] Embed Pods Frameworks */ = {
			isa = PBXShellScriptBuildPhase;
			buildActionMask = 2147483647;
			files = (
			);
			inputPaths = (
			);
			name = "[CP] Embed Pods Frameworks";
			outputPaths = (
			);
			runOnlyForDeploymentPostprocessing = 0;
			shellPath = /bin/sh;
			shellScript = "\"${SRCROOT}/Pods/Target Support Files/Pods-SwiftBasicsTests/Pods-SwiftBasicsTests-frameworks.sh\"\n";
			showEnvVarsInLog = 0;
		};
		EBFF35BA0C32A6D6E73CE3F4 /* [CP] Embed Pods Frameworks */ = {
			isa = PBXShellScriptBuildPhase;
			buildActionMask = 2147483647;
			files = (
			);
			inputPaths = (
				"${SRCROOT}/Pods/Target Support Files/Pods-SwiftBasics/Pods-SwiftBasics-frameworks.sh",
				"${BUILT_PRODUCTS_DIR}/Alamofire/Alamofire.framework",
				"${BUILT_PRODUCTS_DIR}/Kingfisher/Kingfisher.framework",
			);
			name = "[CP] Embed Pods Frameworks";
			outputPaths = (
				"${TARGET_BUILD_DIR}/${FRAMEWORKS_FOLDER_PATH}/Alamofire.framework",
				"${TARGET_BUILD_DIR}/${FRAMEWORKS_FOLDER_PATH}/Kingfisher.framework",
			);
			runOnlyForDeploymentPostprocessing = 0;
			shellPath = /bin/sh;
			shellScript = "\"${SRCROOT}/Pods/Target Support Files/Pods-SwiftBasics/Pods-SwiftBasics-frameworks.sh\"\n";
			showEnvVarsInLog = 0;
		};
		EF4DE8665FCAB2441F163BEC /* [CP] Check Pods Manifest.lock */ = {
			isa = PBXShellScriptBuildPhase;
			buildActionMask = 2147483647;
			files = (
			);
			inputPaths = (
				"${PODS_PODFILE_DIR_PATH}/Podfile.lock",
				"${PODS_ROOT}/Manifest.lock",
			);
			name = "[CP] Check Pods Manifest.lock";
			outputPaths = (
				"$(DERIVED_FILE_DIR)/Pods-SwiftBasicsTests-checkManifestLockResult.txt",
			);
			runOnlyForDeploymentPostprocessing = 0;
			shellPath = /bin/sh;
			shellScript = "diff \"${PODS_PODFILE_DIR_PATH}/Podfile.lock\" \"${PODS_ROOT}/Manifest.lock\" > /dev/null\nif [ $? != 0 ] ; then\n    # print error to STDERR\n    echo \"error: The sandbox is not in sync with the Podfile.lock. Run 'pod install' or update your CocoaPods installation.\" >&2\n    exit 1\nfi\n# This output is used by Xcode 'outputs' to avoid re-running this script phase.\necho \"SUCCESS\" > \"${SCRIPT_OUTPUT_FILE_0}\"\n";
			showEnvVarsInLog = 0;
		};
/* End PBXShellScriptBuildPhase section */

/* Begin PBXSourcesBuildPhase section */
		BB50AF691F97419700F7D036 /* Sources */ = {
			isa = PBXSourcesBuildPhase;
			buildActionMask = 2147483647;
			files = (
				BB50AF701F97419700F7D036 /* SwiftBasicsTests.swift in Sources */,
			);
			runOnlyForDeploymentPostprocessing = 0;
		};
		BB9989F11F8F57B0009DD62E /* Sources */ = {
			isa = PBXSourcesBuildPhase;
			buildActionMask = 2147483647;
			files = (
				BB50AF661F973A1C00F7D036 /* Meals.swift in Sources */,
				BB57B8121FC59B470032300A /* MovieDetails.swift in Sources */,
				BB50AF641F960FC000F7D036 /* CustomStarView.swift in Sources */,
				36C46C331F99EF0500B858C1 /* MealListTableViewController.swift in Sources */,
				36C46C311F99E96600B858C1 /* MealListTableViewCell.swift in Sources */,
				BB9989FB1F8F57B0009DD62E /* MealViewController.swift in Sources */,
				BB9989F91F8F57B0009DD62E /* AppDelegate.swift in Sources */,
			);
			runOnlyForDeploymentPostprocessing = 0;
		};
/* End PBXSourcesBuildPhase section */

/* Begin PBXTargetDependency section */
		BB50AF731F97419800F7D036 /* PBXTargetDependency */ = {
			isa = PBXTargetDependency;
			target = BB9989F41F8F57B0009DD62E /* SwiftBasics */;
			targetProxy = BB50AF721F97419800F7D036 /* PBXContainerItemProxy */;
		};
/* End PBXTargetDependency section */

/* Begin PBXVariantGroup section */
		BB9989FC1F8F57B0009DD62E /* Main.storyboard */ = {
			isa = PBXVariantGroup;
			children = (
				BB9989FD1F8F57B0009DD62E /* Base */,
			);
			name = Main.storyboard;
			sourceTree = "<group>";
		};
		BB998A011F8F57B0009DD62E /* LaunchScreen.storyboard */ = {
			isa = PBXVariantGroup;
			children = (
				BB998A021F8F57B0009DD62E /* Base */,
			);
			name = LaunchScreen.storyboard;
			sourceTree = "<group>";
		};
/* End PBXVariantGroup section */

/* Begin XCBuildConfiguration section */
		BB50AF751F97419800F7D036 /* Debug */ = {
			isa = XCBuildConfiguration;
			baseConfigurationReference = B775C6AEC042B7C4274E317B /* Pods-SwiftBasicsTests.debug.xcconfig */;
			buildSettings = {
				BUNDLE_LOADER = "$(TEST_HOST)";
				CODE_SIGN_STYLE = Automatic;
				INFOPLIST_FILE = SwiftBasicsTests/Info.plist;
				LD_RUNPATH_SEARCH_PATHS = "$(inherited) @executable_path/Frameworks @loader_path/Frameworks";
				PRODUCT_BUNDLE_IDENTIFIER = com.vishalb.SwiftBasicsTests;
				PRODUCT_NAME = "$(TARGET_NAME)";
				SWIFT_VERSION = 4.0;
				TARGETED_DEVICE_FAMILY = "1,2";
				TEST_HOST = "$(BUILT_PRODUCTS_DIR)/SwiftBasics.app/SwiftBasics";
			};
			name = Debug;
		};
		BB50AF761F97419800F7D036 /* Release */ = {
			isa = XCBuildConfiguration;
			baseConfigurationReference = 057C5B5CB273FBF43E74B5D1 /* Pods-SwiftBasicsTests.release.xcconfig */;
			buildSettings = {
				BUNDLE_LOADER = "$(TEST_HOST)";
				CODE_SIGN_STYLE = Automatic;
				INFOPLIST_FILE = SwiftBasicsTests/Info.plist;
				LD_RUNPATH_SEARCH_PATHS = "$(inherited) @executable_path/Frameworks @loader_path/Frameworks";
				PRODUCT_BUNDLE_IDENTIFIER = com.vishalb.SwiftBasicsTests;
				PRODUCT_NAME = "$(TARGET_NAME)";
				SWIFT_VERSION = 4.0;
				TARGETED_DEVICE_FAMILY = "1,2";
				TEST_HOST = "$(BUILT_PRODUCTS_DIR)/SwiftBasics.app/SwiftBasics";
			};
			name = Release;
		};
		BB998A051F8F57B0009DD62E /* Debug */ = {
			isa = XCBuildConfiguration;
			buildSettings = {
				ALWAYS_SEARCH_USER_PATHS = NO;
				CLANG_ANALYZER_NONNULL = YES;
				CLANG_ANALYZER_NUMBER_OBJECT_CONVERSION = YES_AGGRESSIVE;
				CLANG_CXX_LANGUAGE_STANDARD = "gnu++14";
				CLANG_CXX_LIBRARY = "libc++";
				CLANG_ENABLE_MODULES = YES;
				CLANG_ENABLE_OBJC_ARC = YES;
				CLANG_WARN_BLOCK_CAPTURE_AUTORELEASING = YES;
				CLANG_WARN_BOOL_CONVERSION = YES;
				CLANG_WARN_COMMA = YES;
				CLANG_WARN_CONSTANT_CONVERSION = YES;
				CLANG_WARN_DIRECT_OBJC_ISA_USAGE = YES_ERROR;
				CLANG_WARN_DOCUMENTATION_COMMENTS = YES;
				CLANG_WARN_EMPTY_BODY = YES;
				CLANG_WARN_ENUM_CONVERSION = YES;
				CLANG_WARN_INFINITE_RECURSION = YES;
				CLANG_WARN_INT_CONVERSION = YES;
				CLANG_WARN_NON_LITERAL_NULL_CONVERSION = YES;
				CLANG_WARN_OBJC_LITERAL_CONVERSION = YES;
				CLANG_WARN_OBJC_ROOT_CLASS = YES_ERROR;
				CLANG_WARN_RANGE_LOOP_ANALYSIS = YES;
				CLANG_WARN_STRICT_PROTOTYPES = YES;
				CLANG_WARN_SUSPICIOUS_MOVE = YES;
				CLANG_WARN_UNGUARDED_AVAILABILITY = YES_AGGRESSIVE;
				CLANG_WARN_UNREACHABLE_CODE = YES;
				CLANG_WARN__DUPLICATE_METHOD_MATCH = YES;
				CODE_SIGN_IDENTITY = "iPhone Developer";
				COPY_PHASE_STRIP = NO;
				DEBUG_INFORMATION_FORMAT = dwarf;
				ENABLE_STRICT_OBJC_MSGSEND = YES;
				ENABLE_TESTABILITY = YES;
				GCC_C_LANGUAGE_STANDARD = gnu11;
				GCC_DYNAMIC_NO_PIC = NO;
				GCC_NO_COMMON_BLOCKS = YES;
				GCC_OPTIMIZATION_LEVEL = 0;
				GCC_PREPROCESSOR_DEFINITIONS = (
					"DEBUG=1",
					"$(inherited)",
				);
				GCC_WARN_64_TO_32_BIT_CONVERSION = YES;
				GCC_WARN_ABOUT_RETURN_TYPE = YES_ERROR;
				GCC_WARN_UNDECLARED_SELECTOR = YES;
				GCC_WARN_UNINITIALIZED_AUTOS = YES_AGGRESSIVE;
				GCC_WARN_UNUSED_FUNCTION = YES;
				GCC_WARN_UNUSED_VARIABLE = YES;
				IPHONEOS_DEPLOYMENT_TARGET = 11.0;
				MTL_ENABLE_DEBUG_INFO = YES;
				ONLY_ACTIVE_ARCH = YES;
				SDKROOT = iphoneos;
				SWIFT_ACTIVE_COMPILATION_CONDITIONS = DEBUG;
				SWIFT_OPTIMIZATION_LEVEL = "-Onone";
			};
			name = Debug;
		};
		BB998A061F8F57B0009DD62E /* Release */ = {
			isa = XCBuildConfiguration;
			buildSettings = {
				ALWAYS_SEARCH_USER_PATHS = NO;
				CLANG_ANALYZER_NONNULL = YES;
				CLANG_ANALYZER_NUMBER_OBJECT_CONVERSION = YES_AGGRESSIVE;
				CLANG_CXX_LANGUAGE_STANDARD = "gnu++14";
				CLANG_CXX_LIBRARY = "libc++";
				CLANG_ENABLE_MODULES = YES;
				CLANG_ENABLE_OBJC_ARC = YES;
				CLANG_WARN_BLOCK_CAPTURE_AUTORELEASING = YES;
				CLANG_WARN_BOOL_CONVERSION = YES;
				CLANG_WARN_COMMA = YES;
				CLANG_WARN_CONSTANT_CONVERSION = YES;
				CLANG_WARN_DIRECT_OBJC_ISA_USAGE = YES_ERROR;
				CLANG_WARN_DOCUMENTATION_COMMENTS = YES;
				CLANG_WARN_EMPTY_BODY = YES;
				CLANG_WARN_ENUM_CONVERSION = YES;
				CLANG_WARN_INFINITE_RECURSION = YES;
				CLANG_WARN_INT_CONVERSION = YES;
				CLANG_WARN_NON_LITERAL_NULL_CONVERSION = YES;
				CLANG_WARN_OBJC_LITERAL_CONVERSION = YES;
				CLANG_WARN_OBJC_ROOT_CLASS = YES_ERROR;
				CLANG_WARN_RANGE_LOOP_ANALYSIS = YES;
				CLANG_WARN_STRICT_PROTOTYPES = YES;
				CLANG_WARN_SUSPICIOUS_MOVE = YES;
				CLANG_WARN_UNGUARDED_AVAILABILITY = YES_AGGRESSIVE;
				CLANG_WARN_UNREACHABLE_CODE = YES;
				CLANG_WARN__DUPLICATE_METHOD_MATCH = YES;
				CODE_SIGN_IDENTITY = "iPhone Developer";
				COPY_PHASE_STRIP = NO;
				DEBUG_INFORMATION_FORMAT = "dwarf-with-dsym";
				ENABLE_NS_ASSERTIONS = NO;
				ENABLE_STRICT_OBJC_MSGSEND = YES;
				GCC_C_LANGUAGE_STANDARD = gnu11;
				GCC_NO_COMMON_BLOCKS = YES;
				GCC_WARN_64_TO_32_BIT_CONVERSION = YES;
				GCC_WARN_ABOUT_RETURN_TYPE = YES_ERROR;
				GCC_WARN_UNDECLARED_SELECTOR = YES;
				GCC_WARN_UNINITIALIZED_AUTOS = YES_AGGRESSIVE;
				GCC_WARN_UNUSED_FUNCTION = YES;
				GCC_WARN_UNUSED_VARIABLE = YES;
				IPHONEOS_DEPLOYMENT_TARGET = 11.0;
				MTL_ENABLE_DEBUG_INFO = NO;
				SDKROOT = iphoneos;
				SWIFT_OPTIMIZATION_LEVEL = "-Owholemodule";
				VALIDATE_PRODUCT = YES;
			};
			name = Release;
		};
		BB998A081F8F57B0009DD62E /* Debug */ = {
			isa = XCBuildConfiguration;
			baseConfigurationReference = 541C8ACB65A1F6FFFC66E26F /* Pods-SwiftBasics.debug.xcconfig */;
			buildSettings = {
				ASSETCATALOG_COMPILER_APPICON_NAME = AppIcon;
				CODE_SIGN_STYLE = Automatic;
				INFOPLIST_FILE = SwiftBasics/Info.plist;
				LD_RUNPATH_SEARCH_PATHS = "$(inherited) @executable_path/Frameworks";
				PRODUCT_BUNDLE_IDENTIFIER = com.vishalb.SwiftBasics;
				PRODUCT_NAME = "$(TARGET_NAME)";
				SWIFT_VERSION = 4.0;
				TARGETED_DEVICE_FAMILY = "1,2";
			};
			name = Debug;
		};
		BB998A091F8F57B0009DD62E /* Release */ = {
			isa = XCBuildConfiguration;
			baseConfigurationReference = 84520459C96EE75591D855FF /* Pods-SwiftBasics.release.xcconfig */;
			buildSettings = {
				ASSETCATALOG_COMPILER_APPICON_NAME = AppIcon;
				CODE_SIGN_STYLE = Automatic;
				INFOPLIST_FILE = SwiftBasics/Info.plist;
				LD_RUNPATH_SEARCH_PATHS = "$(inherited) @executable_path/Frameworks";
				PRODUCT_BUNDLE_IDENTIFIER = com.vishalb.SwiftBasics;
				PRODUCT_NAME = "$(TARGET_NAME)";
				SWIFT_VERSION = 4.0;
				TARGETED_DEVICE_FAMILY = "1,2";
			};
			name = Release;
		};
/* End XCBuildConfiguration section */

/* Begin XCConfigurationList section */
		BB50AF741F97419800F7D036 /* Build configuration list for PBXNativeTarget "SwiftBasicsTests" */ = {
			isa = XCConfigurationList;
			buildConfigurations = (
				BB50AF751F97419800F7D036 /* Debug */,
				BB50AF761F97419800F7D036 /* Release */,
			);
			defaultConfigurationIsVisible = 0;
			defaultConfigurationName = Release;
		};
		BB9989F01F8F57B0009DD62E /* Build configuration list for PBXProject "SwiftBasics" */ = {
			isa = XCConfigurationList;
			buildConfigurations = (
				BB998A051F8F57B0009DD62E /* Debug */,
				BB998A061F8F57B0009DD62E /* Release */,
			);
			defaultConfigurationIsVisible = 0;
			defaultConfigurationName = Release;
		};
		BB998A071F8F57B0009DD62E /* Build configuration list for PBXNativeTarget "SwiftBasics" */ = {
			isa = XCConfigurationList;
			buildConfigurations = (
				BB998A081F8F57B0009DD62E /* Debug */,
				BB998A091F8F57B0009DD62E /* Release */,
			);
			defaultConfigurationIsVisible = 0;
			defaultConfigurationName = Release;
		};
/* End XCConfigurationList section */
	};
	rootObject = BB9989ED1F8F57B0009DD62E /* Project object */;
}
